{
  "name": "miniprogram",
  "version": "1.0.0",
  "lockfileVersion": 2,
  "requires": true,
  "packages": {
    "": {
      "name": "miniprogram",
      "version": "1.0.0",
      "license": "ISC",
      "dependencies": {
        "@authing/miniprogram-jsencrypt": "^5.0.0-alpha.7",
        "@authing/miniprogram-wx": "^5.0.0-alpha.7"
      }
    },
    "node_modules/@authing/miniprogram-jsencrypt": {
      "version": "5.0.0-alpha.7",
      "resolved": "https://registry.npmjs.org/@authing/miniprogram-jsencrypt/-/miniprogram-jsencrypt-5.0.0-alpha.7.tgz",
      "integrity": "sha512-7yEbBWeB9YI0SBKriWpoiZHra7gNBPc9dJzJ+8VQaWQoObQ+cONODw/yeMqFCP5P8qggygAaGexHKytXh4YlVQ=="
    },
    "node_modules/@authing/miniprogram-wx": {
      "version": "5.0.0-alpha.7",
      "resolved": "https://registry.npmjs.org/@authing/miniprogram-wx/-/miniprogram-wx-5.0.0-alpha.7.tgz",
      "integrity": "sha512-kZjtLQpnCR6Fx63NyTiYvGV2EdfMT7/82iCnOMjhIar+6CPjyz9imI9Igz40Yrq3zwDLlFAOx3TwotBwxcnPEQ=="
    }
  },
  "dependencies": {
    "@authing/miniprogram-jsencrypt": {
      "version": "5.0.0-alpha.7",
      "resolved": "https://registry.npmjs.org/@authing/miniprogram-jsencrypt/-/miniprogram-jsencrypt-5.0.0-alpha.7.tgz",
      "integrity": "sha512-7yEbBWeB9YI0SBKriWpoiZHra7gNBPc9dJzJ+8VQaWQoObQ+cONODw/yeMqFCP5P8qggygAaGexHKytXh4YlVQ=="
    },
    "@authing/miniprogram-wx": {
      "version": "5.0.0-alpha.7",
      "resolved": "https://registry.npmjs.org/@authing/miniprogram-wx/-/miniprogram-wx-5.0.0-alpha.7.tgz",
      "integrity": "sha512-kZjtLQpnCR6Fx63NyTiYvGV2EdfMT7/82iCnOMjhIar+6CPjyz9imI9Igz40Yrq3zwDLlFAOx3TwotBwxcnPEQ=="
    }
  }
}
