{
  "name": "miniprogram",
  "version": "1.0.0",
  "lockfileVersion": 2,
  "requires": true,
  "packages": {
    "": {
      "name": "miniprogram",
      "version": "1.0.0",
      "license": "ISC",
      "dependencies": {
        "@authing/miniprogram-wx": "^5.0.0-alpha.6"
      }
    },
    "node_modules/@authing/miniprogram-wx": {
      "version": "5.0.0-alpha.6",
      "resolved": "https://registry.npmjs.org/@authing/miniprogram-wx/-/miniprogram-wx-5.0.0-alpha.6.tgz",
      "integrity": "sha512-QwhxFeboPODZQMGUXfiokvUCxAwFjlg8jJ9wp65zbBpbDEOmhimImRfpHpyFVPRHpnLdRc3uEgqNM/oFgOFXPQ=="
    }
  },
  "dependencies": {
    "@authing/miniprogram-wx": {
      "version": "5.0.0-alpha.6",
      "resolved": "https://registry.npmjs.org/@authing/miniprogram-wx/-/miniprogram-wx-5.0.0-alpha.6.tgz",
      "integrity": "sha512-QwhxFeboPODZQMGUXfiokvUCxAwFjlg8jJ9wp65zbBpbDEOmhimImRfpHpyFVPRHpnLdRc3uEgqNM/oFgOFXPQ=="
    }
  }
}
