{
  "name": "miniprogram",
  "version": "1.0.0",
  "lockfileVersion": 2,
  "requires": true,
  "packages": {
    "": {
      "name": "miniprogram",
      "version": "1.0.0",
      "license": "ISC",
      "dependencies": {
        "@authing/miniprogram-wx": "^5.0.0-alpha.3"
      }
    },
    "node_modules/@authing/miniprogram-wx": {
      "version": "5.0.0-alpha.3",
      "resolved": "https://registry.npmjs.org/@authing/miniprogram-wx/-/miniprogram-wx-5.0.0-alpha.3.tgz",
      "integrity": "sha512-6K9LjygAP74KMVB+v2nQKFEFMTUSM8HviMcPbiYIaqNIJtJb/xtp4O2LZa6naqiVO3L5rO2kEjOBRjIJTHcNHQ=="
    }
  },
  "dependencies": {
    "@authing/miniprogram-wx": {
      "version": "5.0.0-alpha.3",
      "resolved": "https://registry.npmjs.org/@authing/miniprogram-wx/-/miniprogram-wx-5.0.0-alpha.3.tgz",
      "integrity": "sha512-6K9LjygAP74KMVB+v2nQKFEFMTUSM8HviMcPbiYIaqNIJtJb/xtp4O2LZa6naqiVO3L5rO2kEjOBRjIJTHcNHQ=="
    }
  }
}
