{
  "name": "@authing/miniapp",
  "version": "5.0.4",
  "lockfileVersion": 2,
  "requires": true,
  "packages": {
    "": {
      "name": "@authing/miniapp",
      "version": "5.0.4",
      "license": "MIT",
      "dependencies": {
        "@authing/authingmove-api-proxy": "^1.0.1-alpha.11",
        "@authing/authingmove-core": "^1.0.1-alpha.11"
      },
      "devDependencies": {
        "@authing/authingmove-webpack-plugin": "^1.0.1-alpha.11"
      }
    },
    "../shared": {
      "name": "@authing/shared",
      "version": "0.0.1-alpha.0",
      "extraneous": true,
      "license": "MIT"
    },
    "node_modules/@authing/authingmove-api-proxy": {
      "version": "1.0.1-alpha.11",
      "resolved": "https://registry.npmjs.org/@authing/authingmove-api-proxy/-/authingmove-api-proxy-1.0.1-alpha.11.tgz",
      "integrity": "sha512-N2OX9t2mGYo5geYwkR4+aoIR2i5QtS2vnjrN6p+dTSY9UnytFbz6YUaWiBp3kmiNlP77GGxgF9cgvrv+d/Kh2g=="
    },
    "node_modules/@authing/authingmove-core": {
      "version": "1.0.1-alpha.11",
      "resolved": "https://registry.npmjs.org/@authing/authingmove-core/-/authingmove-core-1.0.1-alpha.11.tgz",
      "integrity": "sha512-uAsPnJfwLRWr9N253Ge/B9SeSD8pZI1r/vYY/p/j496qM+oznf+gbQKGV84VjwmdZ8KDQ0CWFL7R+/oIy79L9Q=="
    },
    "node_modules/@authing/authingmove-webpack-plugin": {
      "version": "1.0.1-alpha.11",
      "resolved": "https://registry.npmjs.org/@authing/authingmove-webpack-plugin/-/authingmove-webpack-plugin-1.0.1-alpha.11.tgz",
      "integrity": "sha512-NY2hOiG20WAjHyfphgbhlXdIvX1B/U10b0yZJQ4ATEJLHPLmXOEzlXDkMZEr6LN6ZBVg3pIa/qd6xbXZi/ucdQ==",
      "dev": true
    }
  },
  "dependencies": {
    "@authing/authingmove-api-proxy": {
      "version": "1.0.1-alpha.11",
      "resolved": "https://registry.npmjs.org/@authing/authingmove-api-proxy/-/authingmove-api-proxy-1.0.1-alpha.11.tgz",
      "integrity": "sha512-N2OX9t2mGYo5geYwkR4+aoIR2i5QtS2vnjrN6p+dTSY9UnytFbz6YUaWiBp3kmiNlP77GGxgF9cgvrv+d/Kh2g=="
    },
    "@authing/authingmove-core": {
      "version": "1.0.1-alpha.11",
      "resolved": "https://registry.npmjs.org/@authing/authingmove-core/-/authingmove-core-1.0.1-alpha.11.tgz",
      "integrity": "sha512-uAsPnJfwLRWr9N253Ge/B9SeSD8pZI1r/vYY/p/j496qM+oznf+gbQKGV84VjwmdZ8KDQ0CWFL7R+/oIy79L9Q=="
    },
    "@authing/authingmove-webpack-plugin": {
      "version": "1.0.1-alpha.11",
      "resolved": "https://registry.npmjs.org/@authing/authingmove-webpack-plugin/-/authingmove-webpack-plugin-1.0.1-alpha.11.tgz",
      "integrity": "sha512-NY2hOiG20WAjHyfphgbhlXdIvX1B/U10b0yZJQ4ATEJLHPLmXOEzlXDkMZEr6LN6ZBVg3pIa/qd6xbXZi/ucdQ==",
      "dev": true
    }
  }
}
