{
  "name": "@authing/miniapp",
  "version": "5.0.5-alpha.0",
  "lockfileVersion": 2,
  "requires": true,
  "packages": {
    "": {
      "name": "@authing/miniapp",
      "version": "5.0.5-alpha.0",
      "license": "MIT",
      "dependencies": {
        "@authing/authingmove-api-proxy": "^1.0.1-alpha.13",
        "@authing/authingmove-core": "^1.0.1-alpha.13"
      },
      "devDependencies": {
        "@authing/authingmove-webpack-plugin": "^1.0.1-alpha.13"
      }
    },
    "../shared": {
      "name": "@authing/shared",
      "version": "0.0.1-alpha.0",
      "extraneous": true,
      "license": "MIT"
    },
    "node_modules/@authing/authingmove-api-proxy": {
      "version": "1.0.1-alpha.13",
      "resolved": "https://registry.npmjs.org/@authing/authingmove-api-proxy/-/authingmove-api-proxy-1.0.1-alpha.13.tgz",
      "integrity": "sha512-D7YT89q4vUXwiAjALmQCVdgd4DQXRYHncZu3KFw3GILMvE0rOZXF7KQUbSz5lqqYPCq3Wo+sjXOq/dLuswe0Qg=="
    },
    "node_modules/@authing/authingmove-core": {
      "version": "1.0.1-alpha.13",
      "resolved": "https://registry.npmjs.org/@authing/authingmove-core/-/authingmove-core-1.0.1-alpha.13.tgz",
      "integrity": "sha512-q/uDpqdi63KM8SGuDjvSIgjh0O81w0xopGKmF4he7JTrn1ULA9Y5dv3K1YjhxBC8jyS7F4WvIxRvOC1q1oWxyg=="
    },
    "node_modules/@authing/authingmove-webpack-plugin": {
      "version": "1.0.1-alpha.13",
      "resolved": "https://registry.npmjs.org/@authing/authingmove-webpack-plugin/-/authingmove-webpack-plugin-1.0.1-alpha.13.tgz",
      "integrity": "sha512-Iea9rGfnHenmJ1Q9WeBtAyYmy2Xum3feQzwiskqleL/xl3Zb/hNNmipLQiLuwZTiNrP5yHB6YRAnxJhqVsUwcQ==",
      "dev": true
    }
  },
  "dependencies": {
    "@authing/authingmove-api-proxy": {
      "version": "1.0.1-alpha.13",
      "resolved": "https://registry.npmjs.org/@authing/authingmove-api-proxy/-/authingmove-api-proxy-1.0.1-alpha.13.tgz",
      "integrity": "sha512-D7YT89q4vUXwiAjALmQCVdgd4DQXRYHncZu3KFw3GILMvE0rOZXF7KQUbSz5lqqYPCq3Wo+sjXOq/dLuswe0Qg=="
    },
    "@authing/authingmove-core": {
      "version": "1.0.1-alpha.13",
      "resolved": "https://registry.npmjs.org/@authing/authingmove-core/-/authingmove-core-1.0.1-alpha.13.tgz",
      "integrity": "sha512-q/uDpqdi63KM8SGuDjvSIgjh0O81w0xopGKmF4he7JTrn1ULA9Y5dv3K1YjhxBC8jyS7F4WvIxRvOC1q1oWxyg=="
    },
    "@authing/authingmove-webpack-plugin": {
      "version": "1.0.1-alpha.13",
      "resolved": "https://registry.npmjs.org/@authing/authingmove-webpack-plugin/-/authingmove-webpack-plugin-1.0.1-alpha.13.tgz",
      "integrity": "sha512-Iea9rGfnHenmJ1Q9WeBtAyYmy2Xum3feQzwiskqleL/xl3Zb/hNNmipLQiLuwZTiNrP5yHB6YRAnxJhqVsUwcQ==",
      "dev": true
    }
  }
}
