{
  "name": "@authing/miniapp",
  "version": "5.0.6-alpha.2",
  "lockfileVersion": 2,
  "requires": true,
  "packages": {
    "": {
      "name": "@authing/miniapp",
      "version": "5.0.6-alpha.2",
      "license": "MIT",
      "dependencies": {
        "@authing/authingmove-api-proxy": "^1.0.1-alpha.14",
        "@authing/authingmove-core": "^1.0.1-alpha.14"
      },
      "devDependencies": {
        "@authing/authingmove-webpack-plugin": "^1.0.1-alpha.14"
      }
    },
    "../shared": {
      "name": "@authing/shared",
      "version": "0.0.1-alpha.0",
      "extraneous": true,
      "license": "MIT"
    },
    "node_modules/@authing/authingmove-api-proxy": {
      "version": "1.0.1-alpha.14",
      "resolved": "https://registry.npmjs.org/@authing/authingmove-api-proxy/-/authingmove-api-proxy-1.0.1-alpha.14.tgz",
      "integrity": "sha512-6fqh3oBAoIdAbGk8u5M/koXOaanhPNo4kKVAT1KmCA2JtQ4s9glbSNtQeEebbzCtYlsyWbEriEFQCx7mwlZ2hw=="
    },
    "node_modules/@authing/authingmove-core": {
      "version": "1.0.1-alpha.14",
      "resolved": "https://registry.npmjs.org/@authing/authingmove-core/-/authingmove-core-1.0.1-alpha.14.tgz",
      "integrity": "sha512-Q5+fTepTrGFhGGr5CMod92rMksgedZsuthY1ALaKlWL7LDt3vJZF7rRzjAHDvXspADD4slwsdxvXH0flOs5C9Q=="
    },
    "node_modules/@authing/authingmove-webpack-plugin": {
      "version": "1.0.1-alpha.14",
      "resolved": "https://registry.npmjs.org/@authing/authingmove-webpack-plugin/-/authingmove-webpack-plugin-1.0.1-alpha.14.tgz",
      "integrity": "sha512-D+nBdh3+YonTj7GqOBdUyt6mH6y9W5ejo7pYn25xulIvswOCTZHGCMkMSMKKOiDvKtsBt3y7yBTLpbVG5g03OQ==",
      "dev": true
    }
  },
  "dependencies": {
    "@authing/authingmove-api-proxy": {
      "version": "1.0.1-alpha.14",
      "resolved": "https://registry.npmjs.org/@authing/authingmove-api-proxy/-/authingmove-api-proxy-1.0.1-alpha.14.tgz",
      "integrity": "sha512-6fqh3oBAoIdAbGk8u5M/koXOaanhPNo4kKVAT1KmCA2JtQ4s9glbSNtQeEebbzCtYlsyWbEriEFQCx7mwlZ2hw=="
    },
    "@authing/authingmove-core": {
      "version": "1.0.1-alpha.14",
      "resolved": "https://registry.npmjs.org/@authing/authingmove-core/-/authingmove-core-1.0.1-alpha.14.tgz",
      "integrity": "sha512-Q5+fTepTrGFhGGr5CMod92rMksgedZsuthY1ALaKlWL7LDt3vJZF7rRzjAHDvXspADD4slwsdxvXH0flOs5C9Q=="
    },
    "@authing/authingmove-webpack-plugin": {
      "version": "1.0.1-alpha.14",
      "resolved": "https://registry.npmjs.org/@authing/authingmove-webpack-plugin/-/authingmove-webpack-plugin-1.0.1-alpha.14.tgz",
      "integrity": "sha512-D+nBdh3+YonTj7GqOBdUyt6mH6y9W5ejo7pYn25xulIvswOCTZHGCMkMSMKKOiDvKtsBt3y7yBTLpbVG5g03OQ==",
      "dev": true
    }
  }
}
