{
  "name": "@authing/miniprogram",
  "version": "5.0.0-alpha.21",
  "lockfileVersion": 2,
  "requires": true,
  "packages": {
    "": {
      "name": "@authing/miniprogram",
      "version": "5.0.0-alpha.21",
      "license": "MIT",
      "dependencies": {
        "@authing/authingmove-api-proxy": "^1.0.1-alpha.8",
        "@authing/authingmove-core": "^1.0.1-alpha.8"
      },
      "devDependencies": {
        "@authing/authingmove-webpack-plugin": "^1.0.1-alpha.8"
      }
    },
    "../shared": {
      "name": "@authing/shared",
      "version": "0.0.1-alpha.0",
      "extraneous": true,
      "license": "MIT"
    },
    "node_modules/@authing/authingmove-api-proxy": {
      "version": "1.0.1-alpha.8",
      "resolved": "https://registry.npmjs.org/@authing/authingmove-api-proxy/-/authingmove-api-proxy-1.0.1-alpha.8.tgz",
      "integrity": "sha512-1zfymLd3WFWt39xCFuh3NY3qmDbNlgvAlqLmsfLZMzUESVp6eQzAXIB897yA/IqKY1T0jday+xARenjxO8uWJw=="
    },
    "node_modules/@authing/authingmove-core": {
      "version": "1.0.1-alpha.8",
      "resolved": "https://registry.npmjs.org/@authing/authingmove-core/-/authingmove-core-1.0.1-alpha.8.tgz",
      "integrity": "sha512-cnLPG3yucTwFzB8hOrkfEy5D85xdCesfg6rqxgbS8y5Y+L6nP1wovgLi9tpJhcbw7KR+l37oGOzqOT8o5EJkVA=="
    },
    "node_modules/@authing/authingmove-webpack-plugin": {
      "version": "1.0.1-alpha.8",
      "resolved": "https://registry.npmjs.org/@authing/authingmove-webpack-plugin/-/authingmove-webpack-plugin-1.0.1-alpha.8.tgz",
      "integrity": "sha512-j2pOdpctvOQxufBxDzUy9Pn2DBKlvfVp2qvIcxTlQFrwGgxmTMxaoSjG6scyiig9yh9m+AhBVandUAeRNG0f7Q==",
      "dev": true
    }
  },
  "dependencies": {
    "@authing/authingmove-api-proxy": {
      "version": "1.0.1-alpha.8",
      "resolved": "https://registry.npmjs.org/@authing/authingmove-api-proxy/-/authingmove-api-proxy-1.0.1-alpha.8.tgz",
      "integrity": "sha512-1zfymLd3WFWt39xCFuh3NY3qmDbNlgvAlqLmsfLZMzUESVp6eQzAXIB897yA/IqKY1T0jday+xARenjxO8uWJw=="
    },
    "@authing/authingmove-core": {
      "version": "1.0.1-alpha.8",
      "resolved": "https://registry.npmjs.org/@authing/authingmove-core/-/authingmove-core-1.0.1-alpha.8.tgz",
      "integrity": "sha512-cnLPG3yucTwFzB8hOrkfEy5D85xdCesfg6rqxgbS8y5Y+L6nP1wovgLi9tpJhcbw7KR+l37oGOzqOT8o5EJkVA=="
    },
    "@authing/authingmove-webpack-plugin": {
      "version": "1.0.1-alpha.8",
      "resolved": "https://registry.npmjs.org/@authing/authingmove-webpack-plugin/-/authingmove-webpack-plugin-1.0.1-alpha.8.tgz",
      "integrity": "sha512-j2pOdpctvOQxufBxDzUy9Pn2DBKlvfVp2qvIcxTlQFrwGgxmTMxaoSjG6scyiig9yh9m+AhBVandUAeRNG0f7Q==",
      "dev": true
    }
  }
}
