{
  "name": "@authing/miniprogram",
  "version": "0.0.1-alpha.0",
  "lockfileVersion": 2,
  "requires": true,
  "packages": {
    "": {
      "name": "@authing/miniprogram",
      "version": "0.0.1-alpha.0",
      "license": "MIT",
      "devDependencies": {
        "@authing/authingmove-webpack-plugin": "^1.0.0-alpha.0"
      }
    },
    "../shared": {
      "name": "@authing/shared",
      "version": "0.0.1-alpha.0",
      "extraneous": true,
      "license": "MIT"
    },
    "node_modules/@authing/authingmove-webpack-plugin": {
      "version": "1.0.0",
      "resolved": "https://registry.npmjs.org/@authing/authingmove-webpack-plugin/-/authingmove-webpack-plugin-1.0.0.tgz",
      "integrity": "sha512-Ntgz7ZTwwO3R2idnGJCtalMq63oZfmR4psInMaLxIfqFgb53dW6nNHR18BmyEJ7LTpV4oYvHMMx6wXXTtM49gw==",
      "dev": true
    }
  },
  "dependencies": {
    "@authing/authingmove-webpack-plugin": {
      "version": "1.0.0",
      "resolved": "https://registry.npmjs.org/@authing/authingmove-webpack-plugin/-/authingmove-webpack-plugin-1.0.0.tgz",
      "integrity": "sha512-Ntgz7ZTwwO3R2idnGJCtalMq63oZfmR4psInMaLxIfqFgb53dW6nNHR18BmyEJ7LTpV4oYvHMMx6wXXTtM49gw==",
      "dev": true
    }
  }
}
