{
  "name": "@authing/miniprogram",
  "version": "5.0.0-alpha.17",
  "lockfileVersion": 2,
  "requires": true,
  "packages": {
    "": {
      "name": "@authing/miniprogram",
      "version": "5.0.0-alpha.17",
      "license": "MIT",
      "dependencies": {
        "@authing/authingmove-api-proxy": "^1.0.1-alpha.4",
        "@authing/authingmove-core": "^1.0.1-alpha.4"
      },
      "devDependencies": {
        "@authing/authingmove-webpack-plugin": "^1.0.1-alpha.4"
      }
    },
    "../shared": {
      "name": "@authing/shared",
      "version": "0.0.1-alpha.0",
      "extraneous": true,
      "license": "MIT"
    },
    "node_modules/@authing/authingmove-api-proxy": {
      "version": "1.0.1-alpha.4",
      "resolved": "https://registry.npmjs.org/@authing/authingmove-api-proxy/-/authingmove-api-proxy-1.0.1-alpha.4.tgz",
      "integrity": "sha512-yLdiGc4yP15S0T/dXspqXYZNk4rZjIkBub0ERHwBgPd3kP+XLJ2vceTBdnCTwSpo5UZOXB3SZPxUMN4eMOUyRA=="
    },
    "node_modules/@authing/authingmove-core": {
      "version": "1.0.1-alpha.4",
      "resolved": "https://registry.npmjs.org/@authing/authingmove-core/-/authingmove-core-1.0.1-alpha.4.tgz",
      "integrity": "sha512-iaFmTc2nhRnpNbdyBxCR/NJ7DQwUvSJaCwNvKqXUTvLkOUUTQ7yU0p//OWWECRFsmIC6YYM2phHsbZsMhvFufA=="
    },
    "node_modules/@authing/authingmove-webpack-plugin": {
      "version": "1.0.1-alpha.4",
      "resolved": "https://registry.npmjs.org/@authing/authingmove-webpack-plugin/-/authingmove-webpack-plugin-1.0.1-alpha.4.tgz",
      "integrity": "sha512-B8TwNwJmbMgH+vpJLLZ6a9ERjRT/3pEGI9ikF2VsgWu2kw0fED2M79QSJYKNk4U9n0o5ZKhUfe2xfd4V4tvwSA==",
      "dev": true
    }
  },
  "dependencies": {
    "@authing/authingmove-api-proxy": {
      "version": "1.0.1-alpha.4",
      "resolved": "https://registry.npmjs.org/@authing/authingmove-api-proxy/-/authingmove-api-proxy-1.0.1-alpha.4.tgz",
      "integrity": "sha512-yLdiGc4yP15S0T/dXspqXYZNk4rZjIkBub0ERHwBgPd3kP+XLJ2vceTBdnCTwSpo5UZOXB3SZPxUMN4eMOUyRA=="
    },
    "@authing/authingmove-core": {
      "version": "1.0.1-alpha.4",
      "resolved": "https://registry.npmjs.org/@authing/authingmove-core/-/authingmove-core-1.0.1-alpha.4.tgz",
      "integrity": "sha512-iaFmTc2nhRnpNbdyBxCR/NJ7DQwUvSJaCwNvKqXUTvLkOUUTQ7yU0p//OWWECRFsmIC6YYM2phHsbZsMhvFufA=="
    },
    "@authing/authingmove-webpack-plugin": {
      "version": "1.0.1-alpha.4",
      "resolved": "https://registry.npmjs.org/@authing/authingmove-webpack-plugin/-/authingmove-webpack-plugin-1.0.1-alpha.4.tgz",
      "integrity": "sha512-B8TwNwJmbMgH+vpJLLZ6a9ERjRT/3pEGI9ikF2VsgWu2kw0fED2M79QSJYKNk4U9n0o5ZKhUfe2xfd4V4tvwSA==",
      "dev": true
    }
  }
}
