{
  "name": "miniapp",
  "version": "1.0.0",
  "lockfileVersion": 2,
  "requires": true,
  "packages": {
    "": {
      "name": "miniapp",
      "version": "1.0.0",
      "license": "ISC",
      "dependencies": {
        "@authing/miniapp-jsencrypt": "^5.0.0-alpha.26",
        "@authing/miniapp-sm2encrypt": "^5.0.0-alpha.26",
        "@authing/miniapp-wx": "^5.0.4-alpha.2",
        "@authing/web": "^5.0.2"
      }
    },
    "node_modules/@authing/miniapp-jsencrypt": {
      "version": "5.0.0-alpha.26",
      "resolved": "https://registry.npmjs.org/@authing/miniapp-jsencrypt/-/miniapp-jsencrypt-5.0.0-alpha.26.tgz",
      "integrity": "sha512-4pmM9LLh5r/ettbW+3Nww0zB1ffCVYlp0V4SXqVgg4eb45b2ZnvWCxRcs+uTSE7dZLGNUFAFEopJIPFuxCYO6A=="
    },
    "node_modules/@authing/miniapp-sm2encrypt": {
      "version": "5.0.0-alpha.26",
      "resolved": "https://registry.npmjs.org/@authing/miniapp-sm2encrypt/-/miniapp-sm2encrypt-5.0.0-alpha.26.tgz",
      "integrity": "sha512-f0Kt/npkvTYo8u3VJqYtWSWrL9blVEAYkMkURAU2mNxkfyqsC7MGCXEkVggn+4DnQZ4fz8nuZNJIA+jCQ6cI/w==",
      "dependencies": {
        "jsbn": "^1.1.0"
      }
    },
    "node_modules/@authing/miniapp-wx": {
      "version": "5.0.4-alpha.2",
      "resolved": "https://registry.npmjs.org/@authing/miniapp-wx/-/miniapp-wx-5.0.4-alpha.2.tgz",
      "integrity": "sha512-anZB+D8TlJ03HwhQv2fWZL6yHFWxjeimdOdjQJv0Emj0197mTNAkq7M+tu3wJRFFQaF2Rw3MB/6hbvjW9190fg=="
    },
    "node_modules/@authing/web": {
      "version": "5.0.2",
      "resolved": "https://registry.npmjs.org/@authing/web/-/web-5.0.2.tgz",
      "integrity": "sha512-xzOWzkdHEWqasB958q0pxD4m5VhG9oVH0zgdtofeoc6uKCPVx6Zn1dMZtk2u1v6NvEEZYZZY4GTRx2NaXwL0fw==",
      "dependencies": {
        "axios": "^0.26.1"
      }
    },
    "node_modules/axios": {
      "version": "0.26.1",
      "resolved": "https://registry.npmjs.org/axios/-/axios-0.26.1.tgz",
      "integrity": "sha512-fPwcX4EvnSHuInCMItEhAGnaSEXRBjtzh9fOtsE6E1G6p7vl7edEeZe11QHf18+6+9gR5PbKV/sGKNaD8YaMeA==",
      "dependencies": {
        "follow-redirects": "^1.14.8"
      }
    },
    "node_modules/follow-redirects": {
      "version": "1.15.2",
      "resolved": "https://registry.npmjs.org/follow-redirects/-/follow-redirects-1.15.2.tgz",
      "integrity": "sha512-VQLG33o04KaQ8uYi2tVNbdrWp1QWxNNea+nmIB4EVM28v0hmP17z7aG1+wAkNzVq4KeXTq3221ye5qTJP91JwA==",
      "funding": [
        {
          "type": "individual",
          "url": "https://github.com/sponsors/RubenVerborgh"
        }
      ],
      "engines": {
        "node": ">=4.0"
      },
      "peerDependenciesMeta": {
        "debug": {
          "optional": true
        }
      }
    },
    "node_modules/jsbn": {
      "version": "1.1.0",
      "resolved": "https://registry.npmjs.org/jsbn/-/jsbn-1.1.0.tgz",
      "integrity": "sha512-4bYVV3aAMtDTTu4+xsDYa6sy9GyJ69/amsu9sYF2zqjiEoZA5xJi3BrfX3uY+/IekIu7MwdObdbDWpoZdBv3/A=="
    }
  },
  "dependencies": {
    "@authing/miniapp-jsencrypt": {
      "version": "5.0.0-alpha.26",
      "resolved": "https://registry.npmjs.org/@authing/miniapp-jsencrypt/-/miniapp-jsencrypt-5.0.0-alpha.26.tgz",
      "integrity": "sha512-4pmM9LLh5r/ettbW+3Nww0zB1ffCVYlp0V4SXqVgg4eb45b2ZnvWCxRcs+uTSE7dZLGNUFAFEopJIPFuxCYO6A=="
    },
    "@authing/miniapp-sm2encrypt": {
      "version": "5.0.0-alpha.26",
      "resolved": "https://registry.npmjs.org/@authing/miniapp-sm2encrypt/-/miniapp-sm2encrypt-5.0.0-alpha.26.tgz",
      "integrity": "sha512-f0Kt/npkvTYo8u3VJqYtWSWrL9blVEAYkMkURAU2mNxkfyqsC7MGCXEkVggn+4DnQZ4fz8nuZNJIA+jCQ6cI/w==",
      "requires": {
        "jsbn": "^1.1.0"
      }
    },
    "@authing/miniapp-wx": {
      "version": "5.0.4-alpha.2",
      "resolved": "https://registry.npmjs.org/@authing/miniapp-wx/-/miniapp-wx-5.0.4-alpha.2.tgz",
      "integrity": "sha512-anZB+D8TlJ03HwhQv2fWZL6yHFWxjeimdOdjQJv0Emj0197mTNAkq7M+tu3wJRFFQaF2Rw3MB/6hbvjW9190fg=="
    },
    "@authing/web": {
      "version": "5.0.2",
      "resolved": "https://registry.npmjs.org/@authing/web/-/web-5.0.2.tgz",
      "integrity": "sha512-xzOWzkdHEWqasB958q0pxD4m5VhG9oVH0zgdtofeoc6uKCPVx6Zn1dMZtk2u1v6NvEEZYZZY4GTRx2NaXwL0fw==",
      "requires": {
        "axios": "^0.26.1"
      }
    },
    "axios": {
      "version": "0.26.1",
      "resolved": "https://registry.npmjs.org/axios/-/axios-0.26.1.tgz",
      "integrity": "sha512-fPwcX4EvnSHuInCMItEhAGnaSEXRBjtzh9fOtsE6E1G6p7vl7edEeZe11QHf18+6+9gR5PbKV/sGKNaD8YaMeA==",
      "requires": {
        "follow-redirects": "^1.14.8"
      }
    },
    "follow-redirects": {
      "version": "1.15.2",
      "resolved": "https://registry.npmjs.org/follow-redirects/-/follow-redirects-1.15.2.tgz",
      "integrity": "sha512-VQLG33o04KaQ8uYi2tVNbdrWp1QWxNNea+nmIB4EVM28v0hmP17z7aG1+wAkNzVq4KeXTq3221ye5qTJP91JwA=="
    },
    "jsbn": {
      "version": "1.1.0",
      "resolved": "https://registry.npmjs.org/jsbn/-/jsbn-1.1.0.tgz",
      "integrity": "sha512-4bYVV3aAMtDTTu4+xsDYa6sy9GyJ69/amsu9sYF2zqjiEoZA5xJi3BrfX3uY+/IekIu7MwdObdbDWpoZdBv3/A=="
    }
  }
}
