{
  "name": "miniapp",
  "version": "1.0.0",
  "lockfileVersion": 2,
  "requires": true,
  "packages": {
    "": {
      "name": "miniapp",
      "version": "1.0.0",
      "license": "ISC",
      "dependencies": {
        "@authing/miniapp-jsencrypt": "^5.0.0-alpha.26",
        "@authing/miniapp-sm2encrypt": "^5.0.0-alpha.26",
        "@authing/miniapp-wx": "^5.0.0"
      }
    },
    "node_modules/@authing/miniapp-jsencrypt": {
      "version": "5.0.0-alpha.26",
      "resolved": "https://registry.npmjs.org/@authing/miniapp-jsencrypt/-/miniapp-jsencrypt-5.0.0-alpha.26.tgz",
      "integrity": "sha512-4pmM9LLh5r/ettbW+3Nww0zB1ffCVYlp0V4SXqVgg4eb45b2ZnvWCxRcs+uTSE7dZLGNUFAFEopJIPFuxCYO6A=="
    },
    "node_modules/@authing/miniapp-sm2encrypt": {
      "version": "5.0.0-alpha.26",
      "resolved": "https://registry.npmjs.org/@authing/miniapp-sm2encrypt/-/miniapp-sm2encrypt-5.0.0-alpha.26.tgz",
      "integrity": "sha512-f0Kt/npkvTYo8u3VJqYtWSWrL9blVEAYkMkURAU2mNxkfyqsC7MGCXEkVggn+4DnQZ4fz8nuZNJIA+jCQ6cI/w==",
      "dependencies": {
        "jsbn": "^1.1.0"
      }
    },
    "node_modules/@authing/miniapp-wx": {
      "version": "5.0.0",
      "resolved": "https://registry.npmjs.org/@authing/miniapp-wx/-/miniapp-wx-5.0.0.tgz",
      "integrity": "sha512-bBBL6sBMqpQjItyZrZQwPjctzpofl++WSmwKZ/YdpJLb+CEAjMzCbVXWMRmt7wmTVpIcC61g6TXlaNT55C2x5Q=="
    },
    "node_modules/jsbn": {
      "version": "1.1.0",
      "resolved": "https://registry.npmjs.org/jsbn/-/jsbn-1.1.0.tgz",
      "integrity": "sha512-4bYVV3aAMtDTTu4+xsDYa6sy9GyJ69/amsu9sYF2zqjiEoZA5xJi3BrfX3uY+/IekIu7MwdObdbDWpoZdBv3/A=="
    }
  },
  "dependencies": {
    "@authing/miniapp-jsencrypt": {
      "version": "5.0.0-alpha.26",
      "resolved": "https://registry.npmjs.org/@authing/miniapp-jsencrypt/-/miniapp-jsencrypt-5.0.0-alpha.26.tgz",
      "integrity": "sha512-4pmM9LLh5r/ettbW+3Nww0zB1ffCVYlp0V4SXqVgg4eb45b2ZnvWCxRcs+uTSE7dZLGNUFAFEopJIPFuxCYO6A=="
    },
    "@authing/miniapp-sm2encrypt": {
      "version": "5.0.0-alpha.26",
      "resolved": "https://registry.npmjs.org/@authing/miniapp-sm2encrypt/-/miniapp-sm2encrypt-5.0.0-alpha.26.tgz",
      "integrity": "sha512-f0Kt/npkvTYo8u3VJqYtWSWrL9blVEAYkMkURAU2mNxkfyqsC7MGCXEkVggn+4DnQZ4fz8nuZNJIA+jCQ6cI/w==",
      "requires": {
        "jsbn": "^1.1.0"
      }
    },
    "@authing/miniapp-wx": {
      "version": "5.0.0",
      "resolved": "https://registry.npmjs.org/@authing/miniapp-wx/-/miniapp-wx-5.0.0.tgz",
      "integrity": "sha512-bBBL6sBMqpQjItyZrZQwPjctzpofl++WSmwKZ/YdpJLb+CEAjMzCbVXWMRmt7wmTVpIcC61g6TXlaNT55C2x5Q=="
    },
    "jsbn": {
      "version": "1.1.0",
      "resolved": "https://registry.npmjs.org/jsbn/-/jsbn-1.1.0.tgz",
      "integrity": "sha512-4bYVV3aAMtDTTu4+xsDYa6sy9GyJ69/amsu9sYF2zqjiEoZA5xJi3BrfX3uY+/IekIu7MwdObdbDWpoZdBv3/A=="
    }
  }
}
