{
  "name": "miniapp",
  "version": "1.0.0",
  "lockfileVersion": 2,
  "requires": true,
  "packages": {
    "": {
      "name": "miniapp",
      "version": "1.0.0",
      "license": "ISC",
      "dependencies": {
        "@authing/miniapp-jsencrypt": "^5.1.8",
        "@authing/miniapp-sm2encrypt": "^5.1.8",
        "@authing/miniapp-wx": "^5.1.9-alpha.0"
      }
    },
    "node_modules/@authing/miniapp-jsencrypt": {
      "version": "5.1.8",
      "resolved": "https://registry.npmjs.org/@authing/miniapp-jsencrypt/-/miniapp-jsencrypt-5.1.8.tgz",
      "integrity": "sha512-gWi/Chy3FKxNln2W7ORemZr0055+/s4ob+ldVR1dRwU6iFXc3AdnhxnwGHsm7UkQkmbkhfzT4mFT04nMM5J82w=="
    },
    "node_modules/@authing/miniapp-sm2encrypt": {
      "version": "5.1.8",
      "resolved": "https://registry.npmjs.org/@authing/miniapp-sm2encrypt/-/miniapp-sm2encrypt-5.1.8.tgz",
      "integrity": "sha512-uAH7EbpvLLSn3x12K1DmcfdEJmcCTT92m78nKJKrwXt60WxbkCiHupU/bhJhlyzXK1dYx38s9AyG0vpq8wZRTA==",
      "dependencies": {
        "jsbn": "^1.1.0"
      }
    },
    "node_modules/@authing/miniapp-wx": {
      "version": "5.1.9-alpha.0",
      "resolved": "https://registry.npmjs.org/@authing/miniapp-wx/-/miniapp-wx-5.1.9-alpha.0.tgz",
      "integrity": "sha512-QNS0yNs+LbQHufqe3S/nsRvhVlauNtQP+XZ3t0UO6vQ3b3/731iNKtBbBDWkQ+DWjPXCGnQvQEg8fCZrsOaU4w=="
    },
    "node_modules/jsbn": {
      "version": "1.1.0",
      "resolved": "https://registry.npmjs.org/jsbn/-/jsbn-1.1.0.tgz",
      "integrity": "sha512-4bYVV3aAMtDTTu4+xsDYa6sy9GyJ69/amsu9sYF2zqjiEoZA5xJi3BrfX3uY+/IekIu7MwdObdbDWpoZdBv3/A=="
    }
  },
  "dependencies": {
    "@authing/miniapp-jsencrypt": {
      "version": "5.1.8",
      "resolved": "https://registry.npmjs.org/@authing/miniapp-jsencrypt/-/miniapp-jsencrypt-5.1.8.tgz",
      "integrity": "sha512-gWi/Chy3FKxNln2W7ORemZr0055+/s4ob+ldVR1dRwU6iFXc3AdnhxnwGHsm7UkQkmbkhfzT4mFT04nMM5J82w=="
    },
    "@authing/miniapp-sm2encrypt": {
      "version": "5.1.8",
      "resolved": "https://registry.npmjs.org/@authing/miniapp-sm2encrypt/-/miniapp-sm2encrypt-5.1.8.tgz",
      "integrity": "sha512-uAH7EbpvLLSn3x12K1DmcfdEJmcCTT92m78nKJKrwXt60WxbkCiHupU/bhJhlyzXK1dYx38s9AyG0vpq8wZRTA==",
      "requires": {
        "jsbn": "^1.1.0"
      }
    },
    "@authing/miniapp-wx": {
      "version": "5.1.9-alpha.0",
      "resolved": "https://registry.npmjs.org/@authing/miniapp-wx/-/miniapp-wx-5.1.9-alpha.0.tgz",
      "integrity": "sha512-QNS0yNs+LbQHufqe3S/nsRvhVlauNtQP+XZ3t0UO6vQ3b3/731iNKtBbBDWkQ+DWjPXCGnQvQEg8fCZrsOaU4w=="
    },
    "jsbn": {
      "version": "1.1.0",
      "resolved": "https://registry.npmjs.org/jsbn/-/jsbn-1.1.0.tgz",
      "integrity": "sha512-4bYVV3aAMtDTTu4+xsDYa6sy9GyJ69/amsu9sYF2zqjiEoZA5xJi3BrfX3uY+/IekIu7MwdObdbDWpoZdBv3/A=="
    }
  }
}
