{
  "name": "miniprogram-ts",
  "version": "1.0.0",
  "lockfileVersion": 2,
  "requires": true,
  "packages": {
    "": {
      "name": "miniprogram-ts",
      "version": "1.0.0",
      "dependencies": {
        "@authing/miniapp-jsencrypt": "^5.1.16",
        "@authing/miniapp-sm2encrypt": "^5.1.16",
        "@authing/miniapp-tt": "^5.1.16-alpha.4"
      },
      "devDependencies": {
        "@douyin-microapp/typings": "latest"
      }
    },
    "node_modules/@authing/miniapp-jsencrypt": {
      "version": "5.1.16",
      "resolved": "https://registry.npmjs.org/@authing/miniapp-jsencrypt/-/miniapp-jsencrypt-5.1.16.tgz",
      "integrity": "sha512-ekj7GDuFSoNYiGLcyKPDLaXhBaqBJf8OSNVjK2pMgK0aEm11yOPqXMRlVuAjX6/CpgxrDzAwqi40Mm/fQDK20g=="
    },
    "node_modules/@authing/miniapp-sm2encrypt": {
      "version": "5.1.16",
      "resolved": "https://registry.npmjs.org/@authing/miniapp-sm2encrypt/-/miniapp-sm2encrypt-5.1.16.tgz",
      "integrity": "sha512-qc5X2Vat2BO+P+RrQkAv45BAucT2gMj7NwIx2pwaDj01eA6kd0AFwjvGyRNh1lOKYCWJ7/XqlgOA1HRvPqe85w==",
      "dependencies": {
        "jsbn": "^1.1.0"
      }
    },
    "node_modules/@authing/miniapp-tt": {
      "version": "5.1.16-alpha.4",
      "resolved": "https://registry.npmjs.org/@authing/miniapp-tt/-/miniapp-tt-5.1.16-alpha.4.tgz",
      "integrity": "sha512-PUWf3mgMVKloXMrK5PtanoFiTjhBLQ1WMgxFRbuPAvH93s/d6ezSCkw3eP6PkRDQWDKh3po1Azf1WIdsF6mjEw=="
    },
    "node_modules/@douyin-microapp/typings": {
      "version": "1.2.2",
      "resolved": "https://registry.npmjs.org/@douyin-microapp/typings/-/typings-1.2.2.tgz",
      "integrity": "sha512-FiGQOn6zaxcx2NPP9qO/zJzpElO6Qazwe8OuDqJ7uBmwJj8M8rDA8pp1LQ9f9UOb5LNUyTTquVc3IqlSDk6hjw==",
      "dev": true
    },
    "node_modules/jsbn": {
      "version": "1.1.0",
      "resolved": "https://registry.npmjs.org/jsbn/-/jsbn-1.1.0.tgz",
      "integrity": "sha512-4bYVV3aAMtDTTu4+xsDYa6sy9GyJ69/amsu9sYF2zqjiEoZA5xJi3BrfX3uY+/IekIu7MwdObdbDWpoZdBv3/A=="
    }
  },
  "dependencies": {
    "@authing/miniapp-jsencrypt": {
      "version": "5.1.16",
      "resolved": "https://registry.npmjs.org/@authing/miniapp-jsencrypt/-/miniapp-jsencrypt-5.1.16.tgz",
      "integrity": "sha512-ekj7GDuFSoNYiGLcyKPDLaXhBaqBJf8OSNVjK2pMgK0aEm11yOPqXMRlVuAjX6/CpgxrDzAwqi40Mm/fQDK20g=="
    },
    "@authing/miniapp-sm2encrypt": {
      "version": "5.1.16",
      "resolved": "https://registry.npmjs.org/@authing/miniapp-sm2encrypt/-/miniapp-sm2encrypt-5.1.16.tgz",
      "integrity": "sha512-qc5X2Vat2BO+P+RrQkAv45BAucT2gMj7NwIx2pwaDj01eA6kd0AFwjvGyRNh1lOKYCWJ7/XqlgOA1HRvPqe85w==",
      "requires": {
        "jsbn": "^1.1.0"
      }
    },
    "@authing/miniapp-tt": {
      "version": "5.1.16-alpha.4",
      "resolved": "https://registry.npmjs.org/@authing/miniapp-tt/-/miniapp-tt-5.1.16-alpha.4.tgz",
      "integrity": "sha512-PUWf3mgMVKloXMrK5PtanoFiTjhBLQ1WMgxFRbuPAvH93s/d6ezSCkw3eP6PkRDQWDKh3po1Azf1WIdsF6mjEw=="
    },
    "@douyin-microapp/typings": {
      "version": "1.2.2",
      "resolved": "https://registry.npmjs.org/@douyin-microapp/typings/-/typings-1.2.2.tgz",
      "integrity": "sha512-FiGQOn6zaxcx2NPP9qO/zJzpElO6Qazwe8OuDqJ7uBmwJj8M8rDA8pp1LQ9f9UOb5LNUyTTquVc3IqlSDk6hjw==",
      "dev": true
    },
    "jsbn": {
      "version": "1.1.0",
      "resolved": "https://registry.npmjs.org/jsbn/-/jsbn-1.1.0.tgz",
      "integrity": "sha512-4bYVV3aAMtDTTu4+xsDYa6sy9GyJ69/amsu9sYF2zqjiEoZA5xJi3BrfX3uY+/IekIu7MwdObdbDWpoZdBv3/A=="
    }
  }
}
